
Microsoft Visual Studio Solution File, Format Version 12.00
# Visual Studio Version 17
VisualStudioVersion = 17.8.34408.163
MinimumVisualStudioVersion = 10.0.40219.1
Project("{FAE04EC0-301F-11D3-BF4B-00C04F79EFBC}") = "BuilderDesign", "BuilderDesign.csproj", "{AC45A721-4A92-4117-9ABA-BFC84468783B}"
EndProject
Global
	GlobalSection(SolutionConfigurationPlatforms) = preSolution
		Debug|Any CPU = Debug|Any CPU
		Release|Any CPU = Release|Any CPU
	EndGlobalSection
	GlobalSection(ProjectConfigurationPlatforms) = postSolution
		{AC45A721-4A92-4117-9ABA-BFC84468783B}.Debug|Any CPU.ActiveCfg = Debug|Any CPU
		{AC45A721-4A92-4117-9ABA-BFC84468783B}.Debug|Any CPU.Build.0 = Debug|Any CPU
		{AC45A721-4A92-4117-9ABA-BFC84468783B}.Release|Any CPU.ActiveCfg = Release|Any CPU
		{AC45A721-4A92-4117-9ABA-BFC84468783B}.Release|Any CPU.Build.0 = Release|Any CPU
	EndGlobalSection
	GlobalSection(SolutionProperties) = preSolution
		HideSolutionNode = FALSE
	EndGlobalSection
	GlobalSection(ExtensibilityGlobals) = postSolution
		SolutionGuid = {460C5D40-F567-41F7-AC2E-87F070727415}
	EndGlobalSection
EndGlobal
